
Microsoft Visual Studio Solution File, Format Version 12.00
# Visual Studio 15
VisualStudioVersion = 15.0.26124.0
MinimumVisualStudioVersion = 15.0.26124.0
Project("{FAE04EC0-301F-11D3-BF4B-00C04F79EFBC}") = "Utils", "Utils\Utils.csproj", "{A5311A9F-2474-4AAA-BE3C-7439B51B9188}"
EndProject
Project("{2150E333-8FDC-42A3-9474-1A3956D46DE8}") = "aoc2020", "aoc2020", "{EE1B9A9A-090F-438F-9AC3-490C17E135F8}"
EndProject
Project("{FAE04EC0-301F-11D3-BF4B-00C04F79EFBC}") = "ex001", "aoc2020\ex001\ex001.csproj", "{E20446B1-BE80-411E-9186-5BF16EC7F2AB}"
EndProject
Project("{FAE04EC0-301F-11D3-BF4B-00C04F79EFBC}") = "ex002", "aoc2020\ex002\ex002.csproj", "{52D81571-89BB-4AC8-AD94-466A71D8AA79}"
EndProject
Project("{2150E333-8FDC-42A3-9474-1A3956D46DE8}") = "Solution Items", "Solution Items", "{A58309CE-7C11-4DFE-B4CD-902EF9705BAA}"
	ProjectSection(SolutionItems) = preProject
		.gitignore = .gitignore
	EndProjectSection
EndProject
Project("{FAE04EC0-301F-11D3-BF4B-00C04F79EFBC}") = "ex003", "aoc2020\ex003\ex003.csproj", "{125BD638-DF47-4A61-B3C3-72A8B9056A16}"
EndProject
Project("{FAE04EC0-301F-11D3-BF4B-00C04F79EFBC}") = "ex004", "aoc2020\ex004\ex004.csproj", "{855262D4-D333-472E-B77F-4FEAC5FB364B}"
EndProject
Project("{FAE04EC0-301F-11D3-BF4B-00C04F79EFBC}") = "ex005", "aoc2020\ex005\ex005.csproj", "{C834309A-A15C-4E6F-B119-FD4AD50EAB4F}"
EndProject
Project("{FAE04EC0-301F-11D3-BF4B-00C04F79EFBC}") = "ex006", "aoc2020\ex006\ex006.csproj", "{1EADA228-C6B6-4C15-8601-2308BC4A8641}"
EndProject
Project("{2150E333-8FDC-42A3-9474-1A3956D46DE8}") = "Tests", "Tests", "{A9F3D831-B27D-4244-BBB9-40A94D1374E6}"
EndProject
Project("{FAE04EC0-301F-11D3-BF4B-00C04F79EFBC}") = "ex007", "aoc2020\ex007\ex007.csproj", "{08BDD7E7-996B-45D9-B431-F5233B5A66DF}"
EndProject
Project("{FAE04EC0-301F-11D3-BF4B-00C04F79EFBC}") = "ex008", "aoc2020\ex008\ex008.csproj", "{B159F2A7-2B0B-425C-BAD7-D8AEF8C1092A}"
EndProject
Project("{FAE04EC0-301F-11D3-BF4B-00C04F79EFBC}") = "UtilsTests", "Tests\UtilsTests\UtilsTests.csproj", "{D0C195D1-55C3-48C1-8B93-7DC2A4F14730}"
EndProject
Project("{FAE04EC0-301F-11D3-BF4B-00C04F79EFBC}") = "ex009", "aoc2020\ex009\ex009.csproj", "{6801EDD7-57EF-4214-9730-872A3BD9923A}"
EndProject
Project("{FAE04EC0-301F-11D3-BF4B-00C04F79EFBC}") = "Ex009Tests", "Tests\Ex009Tests\Ex009Tests.csproj", "{BEF68ECD-1340-415B-8933-FBAAE2C8DB76}"
EndProject
Project("{FAE04EC0-301F-11D3-BF4B-00C04F79EFBC}") = "ex010", "aoc2020\ex010\ex010.csproj", "{A6A9EB4B-E4A6-4D23-AD3F-490A24EC5E4C}"
EndProject
Project("{FAE04EC0-301F-11D3-BF4B-00C04F79EFBC}") = "ex011", "aoc2020\ex011\ex011.csproj", "{C308EAFF-34BF-48F3-B4E9-286A5770E40D}"
EndProject
Project("{FAE04EC0-301F-11D3-BF4B-00C04F79EFBC}") = "Day012", "aoc2020\Day012\Day012.csproj", "{B4C875DB-4F62-4271-9936-B017A5B57D47}"
EndProject
Project("{FAE04EC0-301F-11D3-BF4B-00C04F79EFBC}") = "Day013", "aoc2020\Day013\Day013.csproj", "{38D5F0E5-802C-494B-A94E-20D0E8282713}"
EndProject
Project("{FAE04EC0-301F-11D3-BF4B-00C04F79EFBC}") = "Day015", "aoc2020\Day015\Day015.csproj", "{60AB3BB0-8CCD-4B68-B340-ECD0F93FF5B3}"
EndProject
Global
	GlobalSection(SolutionConfigurationPlatforms) = preSolution
		Debug|Any CPU = Debug|Any CPU
		Debug|x64 = Debug|x64
		Debug|x86 = Debug|x86
		Release|Any CPU = Release|Any CPU
		Release|x64 = Release|x64
		Release|x86 = Release|x86
	EndGlobalSection
	GlobalSection(SolutionProperties) = preSolution
		HideSolutionNode = FALSE
	EndGlobalSection
	GlobalSection(ProjectConfigurationPlatforms) = postSolution
		{A5311A9F-2474-4AAA-BE3C-7439B51B9188}.Debug|Any CPU.ActiveCfg = Debug|Any CPU
		{A5311A9F-2474-4AAA-BE3C-7439B51B9188}.Debug|Any CPU.Build.0 = Debug|Any CPU
		{A5311A9F-2474-4AAA-BE3C-7439B51B9188}.Debug|x64.ActiveCfg = Debug|Any CPU
		{A5311A9F-2474-4AAA-BE3C-7439B51B9188}.Debug|x64.Build.0 = Debug|Any CPU
		{A5311A9F-2474-4AAA-BE3C-7439B51B9188}.Debug|x86.ActiveCfg = Debug|Any CPU
		{A5311A9F-2474-4AAA-BE3C-7439B51B9188}.Debug|x86.Build.0 = Debug|Any CPU
		{A5311A9F-2474-4AAA-BE3C-7439B51B9188}.Release|Any CPU.ActiveCfg = Release|Any CPU
		{A5311A9F-2474-4AAA-BE3C-7439B51B9188}.Release|Any CPU.Build.0 = Release|Any CPU
		{A5311A9F-2474-4AAA-BE3C-7439B51B9188}.Release|x64.ActiveCfg = Release|Any CPU
		{A5311A9F-2474-4AAA-BE3C-7439B51B9188}.Release|x64.Build.0 = Release|Any CPU
		{A5311A9F-2474-4AAA-BE3C-7439B51B9188}.Release|x86.ActiveCfg = Release|Any CPU
		{A5311A9F-2474-4AAA-BE3C-7439B51B9188}.Release|x86.Build.0 = Release|Any CPU
		{C9EAC4EB-421D-4A0A-A1B1-AA77DEB0DFC9}.Debug|Any CPU.ActiveCfg = Debug|Any CPU
		{C9EAC4EB-421D-4A0A-A1B1-AA77DEB0DFC9}.Debug|Any CPU.Build.0 = Debug|Any CPU
		{C9EAC4EB-421D-4A0A-A1B1-AA77DEB0DFC9}.Debug|x64.ActiveCfg = Debug|Any CPU
		{C9EAC4EB-421D-4A0A-A1B1-AA77DEB0DFC9}.Debug|x64.Build.0 = Debug|Any CPU
		{C9EAC4EB-421D-4A0A-A1B1-AA77DEB0DFC9}.Debug|x86.ActiveCfg = Debug|Any CPU
		{C9EAC4EB-421D-4A0A-A1B1-AA77DEB0DFC9}.Debug|x86.Build.0 = Debug|Any CPU
		{C9EAC4EB-421D-4A0A-A1B1-AA77DEB0DFC9}.Release|Any CPU.ActiveCfg = Release|Any CPU
		{C9EAC4EB-421D-4A0A-A1B1-AA77DEB0DFC9}.Release|Any CPU.Build.0 = Release|Any CPU
		{C9EAC4EB-421D-4A0A-A1B1-AA77DEB0DFC9}.Release|x64.ActiveCfg = Release|Any CPU
		{C9EAC4EB-421D-4A0A-A1B1-AA77DEB0DFC9}.Release|x64.Build.0 = Release|Any CPU
		{C9EAC4EB-421D-4A0A-A1B1-AA77DEB0DFC9}.Release|x86.ActiveCfg = Release|Any CPU
		{C9EAC4EB-421D-4A0A-A1B1-AA77DEB0DFC9}.Release|x86.Build.0 = Release|Any CPU
		{E20446B1-BE80-411E-9186-5BF16EC7F2AB}.Debug|Any CPU.ActiveCfg = Debug|Any CPU
		{E20446B1-BE80-411E-9186-5BF16EC7F2AB}.Debug|Any CPU.Build.0 = Debug|Any CPU
		{E20446B1-BE80-411E-9186-5BF16EC7F2AB}.Debug|x64.ActiveCfg = Debug|Any CPU
		{E20446B1-BE80-411E-9186-5BF16EC7F2AB}.Debug|x64.Build.0 = Debug|Any CPU
		{E20446B1-BE80-411E-9186-5BF16EC7F2AB}.Debug|x86.ActiveCfg = Debug|Any CPU
		{E20446B1-BE80-411E-9186-5BF16EC7F2AB}.Debug|x86.Build.0 = Debug|Any CPU
		{E20446B1-BE80-411E-9186-5BF16EC7F2AB}.Release|Any CPU.ActiveCfg = Release|Any CPU
		{E20446B1-BE80-411E-9186-5BF16EC7F2AB}.Release|Any CPU.Build.0 = Release|Any CPU
		{E20446B1-BE80-411E-9186-5BF16EC7F2AB}.Release|x64.ActiveCfg = Release|Any CPU
		{E20446B1-BE80-411E-9186-5BF16EC7F2AB}.Release|x64.Build.0 = Release|Any CPU
		{E20446B1-BE80-411E-9186-5BF16EC7F2AB}.Release|x86.ActiveCfg = Release|Any CPU
		{E20446B1-BE80-411E-9186-5BF16EC7F2AB}.Release|x86.Build.0 = Release|Any CPU
		{52D81571-89BB-4AC8-AD94-466A71D8AA79}.Debug|Any CPU.ActiveCfg = Debug|Any CPU
		{52D81571-89BB-4AC8-AD94-466A71D8AA79}.Debug|Any CPU.Build.0 = Debug|Any CPU
		{52D81571-89BB-4AC8-AD94-466A71D8AA79}.Debug|x64.ActiveCfg = Debug|Any CPU
		{52D81571-89BB-4AC8-AD94-466A71D8AA79}.Debug|x64.Build.0 = Debug|Any CPU
		{52D81571-89BB-4AC8-AD94-466A71D8AA79}.Debug|x86.ActiveCfg = Debug|Any CPU
		{52D81571-89BB-4AC8-AD94-466A71D8AA79}.Debug|x86.Build.0 = Debug|Any CPU
		{52D81571-89BB-4AC8-AD94-466A71D8AA79}.Release|Any CPU.ActiveCfg = Release|Any CPU
		{52D81571-89BB-4AC8-AD94-466A71D8AA79}.Release|Any CPU.Build.0 = Release|Any CPU
		{52D81571-89BB-4AC8-AD94-466A71D8AA79}.Release|x64.ActiveCfg = Release|Any CPU
		{52D81571-89BB-4AC8-AD94-466A71D8AA79}.Release|x64.Build.0 = Release|Any CPU
		{52D81571-89BB-4AC8-AD94-466A71D8AA79}.Release|x86.ActiveCfg = Release|Any CPU
		{52D81571-89BB-4AC8-AD94-466A71D8AA79}.Release|x86.Build.0 = Release|Any CPU
		{125BD638-DF47-4A61-B3C3-72A8B9056A16}.Debug|Any CPU.ActiveCfg = Debug|Any CPU
		{125BD638-DF47-4A61-B3C3-72A8B9056A16}.Debug|Any CPU.Build.0 = Debug|Any CPU
		{125BD638-DF47-4A61-B3C3-72A8B9056A16}.Debug|x64.ActiveCfg = Debug|Any CPU
		{125BD638-DF47-4A61-B3C3-72A8B9056A16}.Debug|x64.Build.0 = Debug|Any CPU
		{125BD638-DF47-4A61-B3C3-72A8B9056A16}.Debug|x86.ActiveCfg = Debug|Any CPU
		{125BD638-DF47-4A61-B3C3-72A8B9056A16}.Debug|x86.Build.0 = Debug|Any CPU
		{125BD638-DF47-4A61-B3C3-72A8B9056A16}.Release|Any CPU.ActiveCfg = Release|Any CPU
		{125BD638-DF47-4A61-B3C3-72A8B9056A16}.Release|Any CPU.Build.0 = Release|Any CPU
		{125BD638-DF47-4A61-B3C3-72A8B9056A16}.Release|x64.ActiveCfg = Release|Any CPU
		{125BD638-DF47-4A61-B3C3-72A8B9056A16}.Release|x64.Build.0 = Release|Any CPU
		{125BD638-DF47-4A61-B3C3-72A8B9056A16}.Release|x86.ActiveCfg = Release|Any CPU
		{125BD638-DF47-4A61-B3C3-72A8B9056A16}.Release|x86.Build.0 = Release|Any CPU
		{855262D4-D333-472E-B77F-4FEAC5FB364B}.Debug|Any CPU.ActiveCfg = Debug|Any CPU
		{855262D4-D333-472E-B77F-4FEAC5FB364B}.Debug|Any CPU.Build.0 = Debug|Any CPU
		{855262D4-D333-472E-B77F-4FEAC5FB364B}.Debug|x64.ActiveCfg = Debug|Any CPU
		{855262D4-D333-472E-B77F-4FEAC5FB364B}.Debug|x64.Build.0 = Debug|Any CPU
		{855262D4-D333-472E-B77F-4FEAC5FB364B}.Debug|x86.ActiveCfg = Debug|Any CPU
		{855262D4-D333-472E-B77F-4FEAC5FB364B}.Debug|x86.Build.0 = Debug|Any CPU
		{855262D4-D333-472E-B77F-4FEAC5FB364B}.Release|Any CPU.ActiveCfg = Release|Any CPU
		{855262D4-D333-472E-B77F-4FEAC5FB364B}.Release|Any CPU.Build.0 = Release|Any CPU
		{855262D4-D333-472E-B77F-4FEAC5FB364B}.Release|x64.ActiveCfg = Release|Any CPU
		{855262D4-D333-472E-B77F-4FEAC5FB364B}.Release|x64.Build.0 = Release|Any CPU
		{855262D4-D333-472E-B77F-4FEAC5FB364B}.Release|x86.ActiveCfg = Release|Any CPU
		{855262D4-D333-472E-B77F-4FEAC5FB364B}.Release|x86.Build.0 = Release|Any CPU
		{C834309A-A15C-4E6F-B119-FD4AD50EAB4F}.Debug|Any CPU.ActiveCfg = Debug|Any CPU
		{C834309A-A15C-4E6F-B119-FD4AD50EAB4F}.Debug|Any CPU.Build.0 = Debug|Any CPU
		{C834309A-A15C-4E6F-B119-FD4AD50EAB4F}.Debug|x64.ActiveCfg = Debug|Any CPU
		{C834309A-A15C-4E6F-B119-FD4AD50EAB4F}.Debug|x64.Build.0 = Debug|Any CPU
		{C834309A-A15C-4E6F-B119-FD4AD50EAB4F}.Debug|x86.ActiveCfg = Debug|Any CPU
		{C834309A-A15C-4E6F-B119-FD4AD50EAB4F}.Debug|x86.Build.0 = Debug|Any CPU
		{C834309A-A15C-4E6F-B119-FD4AD50EAB4F}.Release|Any CPU.ActiveCfg = Release|Any CPU
		{C834309A-A15C-4E6F-B119-FD4AD50EAB4F}.Release|Any CPU.Build.0 = Release|Any CPU
		{C834309A-A15C-4E6F-B119-FD4AD50EAB4F}.Release|x64.ActiveCfg = Release|Any CPU
		{C834309A-A15C-4E6F-B119-FD4AD50EAB4F}.Release|x64.Build.0 = Release|Any CPU
		{C834309A-A15C-4E6F-B119-FD4AD50EAB4F}.Release|x86.ActiveCfg = Release|Any CPU
		{C834309A-A15C-4E6F-B119-FD4AD50EAB4F}.Release|x86.Build.0 = Release|Any CPU
		{1EADA228-C6B6-4C15-8601-2308BC4A8641}.Debug|Any CPU.ActiveCfg = Debug|Any CPU
		{1EADA228-C6B6-4C15-8601-2308BC4A8641}.Debug|Any CPU.Build.0 = Debug|Any CPU
		{1EADA228-C6B6-4C15-8601-2308BC4A8641}.Debug|x64.ActiveCfg = Debug|Any CPU
		{1EADA228-C6B6-4C15-8601-2308BC4A8641}.Debug|x64.Build.0 = Debug|Any CPU
		{1EADA228-C6B6-4C15-8601-2308BC4A8641}.Debug|x86.ActiveCfg = Debug|Any CPU
		{1EADA228-C6B6-4C15-8601-2308BC4A8641}.Debug|x86.Build.0 = Debug|Any CPU
		{1EADA228-C6B6-4C15-8601-2308BC4A8641}.Release|Any CPU.ActiveCfg = Release|Any CPU
		{1EADA228-C6B6-4C15-8601-2308BC4A8641}.Release|Any CPU.Build.0 = Release|Any CPU
		{1EADA228-C6B6-4C15-8601-2308BC4A8641}.Release|x64.ActiveCfg = Release|Any CPU
		{1EADA228-C6B6-4C15-8601-2308BC4A8641}.Release|x64.Build.0 = Release|Any CPU
		{1EADA228-C6B6-4C15-8601-2308BC4A8641}.Release|x86.ActiveCfg = Release|Any CPU
		{1EADA228-C6B6-4C15-8601-2308BC4A8641}.Release|x86.Build.0 = Release|Any CPU
		{08BDD7E7-996B-45D9-B431-F5233B5A66DF}.Debug|Any CPU.ActiveCfg = Debug|Any CPU
		{08BDD7E7-996B-45D9-B431-F5233B5A66DF}.Debug|Any CPU.Build.0 = Debug|Any CPU
		{08BDD7E7-996B-45D9-B431-F5233B5A66DF}.Debug|x64.ActiveCfg = Debug|Any CPU
		{08BDD7E7-996B-45D9-B431-F5233B5A66DF}.Debug|x64.Build.0 = Debug|Any CPU
		{08BDD7E7-996B-45D9-B431-F5233B5A66DF}.Debug|x86.ActiveCfg = Debug|Any CPU
		{08BDD7E7-996B-45D9-B431-F5233B5A66DF}.Debug|x86.Build.0 = Debug|Any CPU
		{08BDD7E7-996B-45D9-B431-F5233B5A66DF}.Release|Any CPU.ActiveCfg = Release|Any CPU
		{08BDD7E7-996B-45D9-B431-F5233B5A66DF}.Release|Any CPU.Build.0 = Release|Any CPU
		{08BDD7E7-996B-45D9-B431-F5233B5A66DF}.Release|x64.ActiveCfg = Release|Any CPU
		{08BDD7E7-996B-45D9-B431-F5233B5A66DF}.Release|x64.Build.0 = Release|Any CPU
		{08BDD7E7-996B-45D9-B431-F5233B5A66DF}.Release|x86.ActiveCfg = Release|Any CPU
		{08BDD7E7-996B-45D9-B431-F5233B5A66DF}.Release|x86.Build.0 = Release|Any CPU
		{B159F2A7-2B0B-425C-BAD7-D8AEF8C1092A}.Debug|Any CPU.ActiveCfg = Debug|Any CPU
		{B159F2A7-2B0B-425C-BAD7-D8AEF8C1092A}.Debug|Any CPU.Build.0 = Debug|Any CPU
		{B159F2A7-2B0B-425C-BAD7-D8AEF8C1092A}.Debug|x64.ActiveCfg = Debug|Any CPU
		{B159F2A7-2B0B-425C-BAD7-D8AEF8C1092A}.Debug|x64.Build.0 = Debug|Any CPU
		{B159F2A7-2B0B-425C-BAD7-D8AEF8C1092A}.Debug|x86.ActiveCfg = Debug|Any CPU
		{B159F2A7-2B0B-425C-BAD7-D8AEF8C1092A}.Debug|x86.Build.0 = Debug|Any CPU
		{B159F2A7-2B0B-425C-BAD7-D8AEF8C1092A}.Release|Any CPU.ActiveCfg = Release|Any CPU
		{B159F2A7-2B0B-425C-BAD7-D8AEF8C1092A}.Release|Any CPU.Build.0 = Release|Any CPU
		{B159F2A7-2B0B-425C-BAD7-D8AEF8C1092A}.Release|x64.ActiveCfg = Release|Any CPU
		{B159F2A7-2B0B-425C-BAD7-D8AEF8C1092A}.Release|x64.Build.0 = Release|Any CPU
		{B159F2A7-2B0B-425C-BAD7-D8AEF8C1092A}.Release|x86.ActiveCfg = Release|Any CPU
		{B159F2A7-2B0B-425C-BAD7-D8AEF8C1092A}.Release|x86.Build.0 = Release|Any CPU
		{D0C195D1-55C3-48C1-8B93-7DC2A4F14730}.Debug|Any CPU.ActiveCfg = Debug|Any CPU
		{D0C195D1-55C3-48C1-8B93-7DC2A4F14730}.Debug|Any CPU.Build.0 = Debug|Any CPU
		{D0C195D1-55C3-48C1-8B93-7DC2A4F14730}.Debug|x64.ActiveCfg = Debug|Any CPU
		{D0C195D1-55C3-48C1-8B93-7DC2A4F14730}.Debug|x64.Build.0 = Debug|Any CPU
		{D0C195D1-55C3-48C1-8B93-7DC2A4F14730}.Debug|x86.ActiveCfg = Debug|Any CPU
		{D0C195D1-55C3-48C1-8B93-7DC2A4F14730}.Debug|x86.Build.0 = Debug|Any CPU
		{D0C195D1-55C3-48C1-8B93-7DC2A4F14730}.Release|Any CPU.ActiveCfg = Release|Any CPU
		{D0C195D1-55C3-48C1-8B93-7DC2A4F14730}.Release|Any CPU.Build.0 = Release|Any CPU
		{D0C195D1-55C3-48C1-8B93-7DC2A4F14730}.Release|x64.ActiveCfg = Release|Any CPU
		{D0C195D1-55C3-48C1-8B93-7DC2A4F14730}.Release|x64.Build.0 = Release|Any CPU
		{D0C195D1-55C3-48C1-8B93-7DC2A4F14730}.Release|x86.ActiveCfg = Release|Any CPU
		{D0C195D1-55C3-48C1-8B93-7DC2A4F14730}.Release|x86.Build.0 = Release|Any CPU
		{6801EDD7-57EF-4214-9730-872A3BD9923A}.Debug|Any CPU.ActiveCfg = Debug|Any CPU
		{6801EDD7-57EF-4214-9730-872A3BD9923A}.Debug|Any CPU.Build.0 = Debug|Any CPU
		{6801EDD7-57EF-4214-9730-872A3BD9923A}.Debug|x64.ActiveCfg = Debug|Any CPU
		{6801EDD7-57EF-4214-9730-872A3BD9923A}.Debug|x64.Build.0 = Debug|Any CPU
		{6801EDD7-57EF-4214-9730-872A3BD9923A}.Debug|x86.ActiveCfg = Debug|Any CPU
		{6801EDD7-57EF-4214-9730-872A3BD9923A}.Debug|x86.Build.0 = Debug|Any CPU
		{6801EDD7-57EF-4214-9730-872A3BD9923A}.Release|Any CPU.ActiveCfg = Release|Any CPU
		{6801EDD7-57EF-4214-9730-872A3BD9923A}.Release|Any CPU.Build.0 = Release|Any CPU
		{6801EDD7-57EF-4214-9730-872A3BD9923A}.Release|x64.ActiveCfg = Release|Any CPU
		{6801EDD7-57EF-4214-9730-872A3BD9923A}.Release|x64.Build.0 = Release|Any CPU
		{6801EDD7-57EF-4214-9730-872A3BD9923A}.Release|x86.ActiveCfg = Release|Any CPU
		{6801EDD7-57EF-4214-9730-872A3BD9923A}.Release|x86.Build.0 = Release|Any CPU
		{BEF68ECD-1340-415B-8933-FBAAE2C8DB76}.Debug|Any CPU.ActiveCfg = Debug|Any CPU
		{BEF68ECD-1340-415B-8933-FBAAE2C8DB76}.Debug|Any CPU.Build.0 = Debug|Any CPU
		{BEF68ECD-1340-415B-8933-FBAAE2C8DB76}.Debug|x64.ActiveCfg = Debug|Any CPU
		{BEF68ECD-1340-415B-8933-FBAAE2C8DB76}.Debug|x64.Build.0 = Debug|Any CPU
		{BEF68ECD-1340-415B-8933-FBAAE2C8DB76}.Debug|x86.ActiveCfg = Debug|Any CPU
		{BEF68ECD-1340-415B-8933-FBAAE2C8DB76}.Debug|x86.Build.0 = Debug|Any CPU
		{BEF68ECD-1340-415B-8933-FBAAE2C8DB76}.Release|Any CPU.ActiveCfg = Release|Any CPU
		{BEF68ECD-1340-415B-8933-FBAAE2C8DB76}.Release|Any CPU.Build.0 = Release|Any CPU
		{BEF68ECD-1340-415B-8933-FBAAE2C8DB76}.Release|x64.ActiveCfg = Release|Any CPU
		{BEF68ECD-1340-415B-8933-FBAAE2C8DB76}.Release|x64.Build.0 = Release|Any CPU
		{BEF68ECD-1340-415B-8933-FBAAE2C8DB76}.Release|x86.ActiveCfg = Release|Any CPU
		{BEF68ECD-1340-415B-8933-FBAAE2C8DB76}.Release|x86.Build.0 = Release|Any CPU
		{A6A9EB4B-E4A6-4D23-AD3F-490A24EC5E4C}.Debug|Any CPU.ActiveCfg = Debug|Any CPU
		{A6A9EB4B-E4A6-4D23-AD3F-490A24EC5E4C}.Debug|Any CPU.Build.0 = Debug|Any CPU
		{A6A9EB4B-E4A6-4D23-AD3F-490A24EC5E4C}.Debug|x64.ActiveCfg = Debug|Any CPU
		{A6A9EB4B-E4A6-4D23-AD3F-490A24EC5E4C}.Debug|x64.Build.0 = Debug|Any CPU
		{A6A9EB4B-E4A6-4D23-AD3F-490A24EC5E4C}.Debug|x86.ActiveCfg = Debug|Any CPU
		{A6A9EB4B-E4A6-4D23-AD3F-490A24EC5E4C}.Debug|x86.Build.0 = Debug|Any CPU
		{A6A9EB4B-E4A6-4D23-AD3F-490A24EC5E4C}.Release|Any CPU.ActiveCfg = Release|Any CPU
		{A6A9EB4B-E4A6-4D23-AD3F-490A24EC5E4C}.Release|Any CPU.Build.0 = Release|Any CPU
		{A6A9EB4B-E4A6-4D23-AD3F-490A24EC5E4C}.Release|x64.ActiveCfg = Release|Any CPU
		{A6A9EB4B-E4A6-4D23-AD3F-490A24EC5E4C}.Release|x64.Build.0 = Release|Any CPU
		{A6A9EB4B-E4A6-4D23-AD3F-490A24EC5E4C}.Release|x86.ActiveCfg = Release|Any CPU
		{A6A9EB4B-E4A6-4D23-AD3F-490A24EC5E4C}.Release|x86.Build.0 = Release|Any CPU
		{C308EAFF-34BF-48F3-B4E9-286A5770E40D}.Debug|Any CPU.ActiveCfg = Debug|Any CPU
		{C308EAFF-34BF-48F3-B4E9-286A5770E40D}.Debug|Any CPU.Build.0 = Debug|Any CPU
		{C308EAFF-34BF-48F3-B4E9-286A5770E40D}.Debug|x64.ActiveCfg = Debug|Any CPU
		{C308EAFF-34BF-48F3-B4E9-286A5770E40D}.Debug|x64.Build.0 = Debug|Any CPU
		{C308EAFF-34BF-48F3-B4E9-286A5770E40D}.Debug|x86.ActiveCfg = Debug|Any CPU
		{C308EAFF-34BF-48F3-B4E9-286A5770E40D}.Debug|x86.Build.0 = Debug|Any CPU
		{C308EAFF-34BF-48F3-B4E9-286A5770E40D}.Release|Any CPU.ActiveCfg = Release|Any CPU
		{C308EAFF-34BF-48F3-B4E9-286A5770E40D}.Release|Any CPU.Build.0 = Release|Any CPU
		{C308EAFF-34BF-48F3-B4E9-286A5770E40D}.Release|x64.ActiveCfg = Release|Any CPU
		{C308EAFF-34BF-48F3-B4E9-286A5770E40D}.Release|x64.Build.0 = Release|Any CPU
		{C308EAFF-34BF-48F3-B4E9-286A5770E40D}.Release|x86.ActiveCfg = Release|Any CPU
		{C308EAFF-34BF-48F3-B4E9-286A5770E40D}.Release|x86.Build.0 = Release|Any CPU
		{B4C875DB-4F62-4271-9936-B017A5B57D47}.Debug|Any CPU.ActiveCfg = Debug|Any CPU
		{B4C875DB-4F62-4271-9936-B017A5B57D47}.Debug|Any CPU.Build.0 = Debug|Any CPU
		{B4C875DB-4F62-4271-9936-B017A5B57D47}.Debug|x64.ActiveCfg = Debug|Any CPU
		{B4C875DB-4F62-4271-9936-B017A5B57D47}.Debug|x64.Build.0 = Debug|Any CPU
		{B4C875DB-4F62-4271-9936-B017A5B57D47}.Debug|x86.ActiveCfg = Debug|Any CPU
		{B4C875DB-4F62-4271-9936-B017A5B57D47}.Debug|x86.Build.0 = Debug|Any CPU
		{B4C875DB-4F62-4271-9936-B017A5B57D47}.Release|Any CPU.ActiveCfg = Release|Any CPU
		{B4C875DB-4F62-4271-9936-B017A5B57D47}.Release|Any CPU.Build.0 = Release|Any CPU
		{B4C875DB-4F62-4271-9936-B017A5B57D47}.Release|x64.ActiveCfg = Release|Any CPU
		{B4C875DB-4F62-4271-9936-B017A5B57D47}.Release|x64.Build.0 = Release|Any CPU
		{B4C875DB-4F62-4271-9936-B017A5B57D47}.Release|x86.ActiveCfg = Release|Any CPU
		{B4C875DB-4F62-4271-9936-B017A5B57D47}.Release|x86.Build.0 = Release|Any CPU
		{38D5F0E5-802C-494B-A94E-20D0E8282713}.Debug|Any CPU.ActiveCfg = Debug|Any CPU
		{38D5F0E5-802C-494B-A94E-20D0E8282713}.Debug|Any CPU.Build.0 = Debug|Any CPU
		{38D5F0E5-802C-494B-A94E-20D0E8282713}.Debug|x64.ActiveCfg = Debug|Any CPU
		{38D5F0E5-802C-494B-A94E-20D0E8282713}.Debug|x64.Build.0 = Debug|Any CPU
		{38D5F0E5-802C-494B-A94E-20D0E8282713}.Debug|x86.ActiveCfg = Debug|Any CPU
		{38D5F0E5-802C-494B-A94E-20D0E8282713}.Debug|x86.Build.0 = Debug|Any CPU
		{38D5F0E5-802C-494B-A94E-20D0E8282713}.Release|Any CPU.ActiveCfg = Release|Any CPU
		{38D5F0E5-802C-494B-A94E-20D0E8282713}.Release|Any CPU.Build.0 = Release|Any CPU
		{38D5F0E5-802C-494B-A94E-20D0E8282713}.Release|x64.ActiveCfg = Release|Any CPU
		{38D5F0E5-802C-494B-A94E-20D0E8282713}.Release|x64.Build.0 = Release|Any CPU
		{38D5F0E5-802C-494B-A94E-20D0E8282713}.Release|x86.ActiveCfg = Release|Any CPU
		{38D5F0E5-802C-494B-A94E-20D0E8282713}.Release|x86.Build.0 = Release|Any CPU
		{60AB3BB0-8CCD-4B68-B340-ECD0F93FF5B3}.Debug|Any CPU.ActiveCfg = Debug|Any CPU
		{60AB3BB0-8CCD-4B68-B340-ECD0F93FF5B3}.Debug|Any CPU.Build.0 = Debug|Any CPU
		{60AB3BB0-8CCD-4B68-B340-ECD0F93FF5B3}.Debug|x64.ActiveCfg = Debug|Any CPU
		{60AB3BB0-8CCD-4B68-B340-ECD0F93FF5B3}.Debug|x64.Build.0 = Debug|Any CPU
		{60AB3BB0-8CCD-4B68-B340-ECD0F93FF5B3}.Debug|x86.ActiveCfg = Debug|Any CPU
		{60AB3BB0-8CCD-4B68-B340-ECD0F93FF5B3}.Debug|x86.Build.0 = Debug|Any CPU
		{60AB3BB0-8CCD-4B68-B340-ECD0F93FF5B3}.Release|Any CPU.ActiveCfg = Release|Any CPU
		{60AB3BB0-8CCD-4B68-B340-ECD0F93FF5B3}.Release|Any CPU.Build.0 = Release|Any CPU
		{60AB3BB0-8CCD-4B68-B340-ECD0F93FF5B3}.Release|x64.ActiveCfg = Release|Any CPU
		{60AB3BB0-8CCD-4B68-B340-ECD0F93FF5B3}.Release|x64.Build.0 = Release|Any CPU
		{60AB3BB0-8CCD-4B68-B340-ECD0F93FF5B3}.Release|x86.ActiveCfg = Release|Any CPU
		{60AB3BB0-8CCD-4B68-B340-ECD0F93FF5B3}.Release|x86.Build.0 = Release|Any CPU
	EndGlobalSection
	GlobalSection(NestedProjects) = preSolution
		{E20446B1-BE80-411E-9186-5BF16EC7F2AB} = {EE1B9A9A-090F-438F-9AC3-490C17E135F8}
		{52D81571-89BB-4AC8-AD94-466A71D8AA79} = {EE1B9A9A-090F-438F-9AC3-490C17E135F8}
		{125BD638-DF47-4A61-B3C3-72A8B9056A16} = {EE1B9A9A-090F-438F-9AC3-490C17E135F8}
		{855262D4-D333-472E-B77F-4FEAC5FB364B} = {EE1B9A9A-090F-438F-9AC3-490C17E135F8}
		{C834309A-A15C-4E6F-B119-FD4AD50EAB4F} = {EE1B9A9A-090F-438F-9AC3-490C17E135F8}
		{1EADA228-C6B6-4C15-8601-2308BC4A8641} = {EE1B9A9A-090F-438F-9AC3-490C17E135F8}
		{08BDD7E7-996B-45D9-B431-F5233B5A66DF} = {EE1B9A9A-090F-438F-9AC3-490C17E135F8}
		{B159F2A7-2B0B-425C-BAD7-D8AEF8C1092A} = {EE1B9A9A-090F-438F-9AC3-490C17E135F8}
		{D0C195D1-55C3-48C1-8B93-7DC2A4F14730} = {A9F3D831-B27D-4244-BBB9-40A94D1374E6}
		{6801EDD7-57EF-4214-9730-872A3BD9923A} = {EE1B9A9A-090F-438F-9AC3-490C17E135F8}
		{BEF68ECD-1340-415B-8933-FBAAE2C8DB76} = {A9F3D831-B27D-4244-BBB9-40A94D1374E6}
		{A6A9EB4B-E4A6-4D23-AD3F-490A24EC5E4C} = {EE1B9A9A-090F-438F-9AC3-490C17E135F8}
		{C308EAFF-34BF-48F3-B4E9-286A5770E40D} = {EE1B9A9A-090F-438F-9AC3-490C17E135F8}
		{B4C875DB-4F62-4271-9936-B017A5B57D47} = {EE1B9A9A-090F-438F-9AC3-490C17E135F8}
		{38D5F0E5-802C-494B-A94E-20D0E8282713} = {EE1B9A9A-090F-438F-9AC3-490C17E135F8}
		{60AB3BB0-8CCD-4B68-B340-ECD0F93FF5B3} = {EE1B9A9A-090F-438F-9AC3-490C17E135F8}
	EndGlobalSection
EndGlobal
